<?xml version="1.0" encoding="utf-8"?>
<Project ToolsVersion="4.0" xmlns="http://schemas.microsoft.com/developer/msbuild/2003">
  <ItemGroup>
    <Filter Include="Source">
      <UniqueIdentifier>{4FC737F1-C7A5-4376-A066-2A32D752A2FF}</UniqueIdentifier>
      <Extensions>cpp;c;cc;cxx;def;odl;idl;hpj;bat;asm;asmx</Extensions>
    </Filter>
    <Filter Include="Header">
      <UniqueIdentifier>{93995380-89BD-4b04-88EB-625FBE52EBFB}</UniqueIdentifier>
      <Extensions>h;hh;hpp;hxx;hm;inl;inc;xsd</Extensions>
    </Filter>
    <Filter Include="Header\Memory">
      <UniqueIdentifier>{77316d38-d9dd-422d-8c80-f0a2249f8b55}</UniqueIdentifier>
    </Filter>
    <Filter Include="Source\Memory">
      <UniqueIdentifier>{7a517192-0999-43bd-a63f-355afbcac291}</UniqueIdentifier>
    </Filter>
    <Filter Include="Source\Memory\minhook">
      <UniqueIdentifier>{be02452d-8909-481f-8949-2cdfd26464d2}</UniqueIdentifier>
    </Filter>
    <Filter Include="Source\D3D11">
      <UniqueIdentifier>{87806414-ff20-439a-81d5-e08a7d9a27a8}</UniqueIdentifier>
    </Filter>
    <Filter Include="Source\D3D11\FW1FontWrapper">
      <UniqueIdentifier>{41690348-1c61-47c9-9490-02c4b6dcc57e}</UniqueIdentifier>
    </Filter>
  </ItemGroup>
  <ItemGroup>
    <ClCompile Include="src\DLLMain.cpp">
      <Filter>Source</Filter>
    </ClCompile>
    <ClCompile Include="src\Memory\minhook\src\hook.c">
      <Filter>Source\Memory\minhook</Filter>
    </ClCompile>
    <ClCompile Include="src\Memory\minhook\src\buffer.c">
      <Filter>Source\Memory\minhook</Filter>
    </ClCompile>
    <ClCompile Include="src\Memory\minhook\src\HDE\hde32.c">
      <Filter>Source\Memory\minhook</Filter>
    </ClCompile>
    <ClCompile Include="src\Memory\minhook\src\HDE\hde64.c">
      <Filter>Source\Memory\minhook</Filter>
    </ClCompile>
    <ClCompile Include="src\Memory\minhook\src\trampoline.c">
      <Filter>Source\Memory\minhook</Filter>
    </ClCompile>
    <ClCompile Include="src\Memory\GameMemory.cpp">
      <Filter>Source\Memory</Filter>
    </ClCompile>
    <ClCompile Include="src\Memory\Hooking.cpp">
      <Filter>Source\Memory</Filter>
    </ClCompile>
    <ClCompile Include="src\Memory\Memory.cpp">
      <Filter>Source\Memory</Filter>
    </ClCompile>
    <ClCompile Include="src\D3D11\Hook.cpp">
      <Filter>Source\D3D11</Filter>
    </ClCompile>
    <ClCompile Include="src\D3D11\FW1FontWrapper\src\CFW1ColorRGBA.cpp">
      <Filter>Source\D3D11\FW1FontWrapper</Filter>
    </ClCompile>
    <ClCompile Include="src\D3D11\FW1FontWrapper\src\CFW1ColorRGBAInterface.cpp">
      <Filter>Source\D3D11\FW1FontWrapper</Filter>
    </ClCompile>
    <ClCompile Include="src\D3D11\FW1FontWrapper\src\CFW1DWriteRenderTarget.cpp">
      <Filter>Source\D3D11\FW1FontWrapper</Filter>
    </ClCompile>
    <ClCompile Include="src\D3D11\FW1FontWrapper\src\CFW1DWriteRenderTargetInterface.cpp">
      <Filter>Source\D3D11\FW1FontWrapper</Filter>
    </ClCompile>
    <ClCompile Include="src\D3D11\FW1FontWrapper\src\CFW1Factory.cpp">
      <Filter>Source\D3D11\FW1FontWrapper</Filter>
    </ClCompile>
    <ClCompile Include="src\D3D11\FW1FontWrapper\src\CFW1FactoryInterface.cpp">
      <Filter>Source\D3D11\FW1FontWrapper</Filter>
    </ClCompile>
    <ClCompile Include="src\D3D11\FW1FontWrapper\src\CFW1FontWrapper.cpp">
      <Filter>Source\D3D11\FW1FontWrapper</Filter>
    </ClCompile>
    <ClCompile Include="src\D3D11\FW1FontWrapper\src\CFW1FontWrapperInterface.cpp">
      <Filter>Source\D3D11\FW1FontWrapper</Filter>
    </ClCompile>
    <ClCompile Include="src\D3D11\FW1FontWrapper\src\CFW1GlyphAtlas.cpp">
      <Filter>Source\D3D11\FW1FontWrapper</Filter>
    </ClCompile>
    <ClCompile Include="src\D3D11\FW1FontWrapper\src\CFW1GlyphAtlasInterface.cpp">
      <Filter>Source\D3D11\FW1FontWrapper</Filter>
    </ClCompile>
    <ClCompile Include="src\D3D11\FW1FontWrapper\src\CFW1GlyphProvider.cpp">
      <Filter>Source\D3D11\FW1FontWrapper</Filter>
    </ClCompile>
    <ClCompile Include="src\D3D11\FW1FontWrapper\src\CFW1GlyphProviderInterface.cpp">
      <Filter>Source\D3D11\FW1FontWrapper</Filter>
    </ClCompile>
    <ClCompile Include="src\D3D11\FW1FontWrapper\src\CFW1GlyphRenderStates.cpp">
      <Filter>Source\D3D11\FW1FontWrapper</Filter>
    </ClCompile>
    <ClCompile Include="src\D3D11\FW1FontWrapper\src\CFW1GlyphRenderStatesInterface.cpp">
      <Filter>Source\D3D11\FW1FontWrapper</Filter>
    </ClCompile>
    <ClCompile Include="src\D3D11\FW1FontWrapper\src\CFW1GlyphSheet.cpp">
      <Filter>Source\D3D11\FW1FontWrapper</Filter>
    </ClCompile>
    <ClCompile Include="src\D3D11\FW1FontWrapper\src\CFW1GlyphSheetInterface.cpp">
      <Filter>Source\D3D11\FW1FontWrapper</Filter>
    </ClCompile>
    <ClCompile Include="src\D3D11\FW1FontWrapper\src\CFW1GlyphVertexDrawer.cpp">
      <Filter>Source\D3D11\FW1FontWrapper</Filter>
    </ClCompile>
    <ClCompile Include="src\D3D11\FW1FontWrapper\src\CFW1GlyphVertexDrawerInterface.cpp">
      <Filter>Source\D3D11\FW1FontWrapper</Filter>
    </ClCompile>
    <ClCompile Include="src\D3D11\FW1FontWrapper\src\CFW1StateSaver.cpp">
      <Filter>Source\D3D11\FW1FontWrapper</Filter>
    </ClCompile>
    <ClCompile Include="src\D3D11\FW1FontWrapper\src\CFW1TextGeometry.cpp">
      <Filter>Source\D3D11\FW1FontWrapper</Filter>
    </ClCompile>
    <ClCompile Include="src\D3D11\FW1FontWrapper\src\CFW1TextGeometryInterface.cpp">
      <Filter>Source\D3D11\FW1FontWrapper</Filter>
    </ClCompile>
    <ClCompile Include="src\D3D11\FW1FontWrapper\src\CFW1TextRenderer.cpp">
      <Filter>Source\D3D11\FW1FontWrapper</Filter>
    </ClCompile>
    <ClCompile Include="src\D3D11\FW1FontWrapper\src\CFW1TextRendererInterface.cpp">
      <Filter>Source\D3D11\FW1FontWrapper</Filter>
    </ClCompile>
    <ClCompile Include="src\D3D11\FW1FontWrapper\src\FW1FontWrapper.cpp">
      <Filter>Source\D3D11\FW1FontWrapper</Filter>
    </ClCompile>
    <ClCompile Include="src\D3D11\FW1FontWrapper\src\FW1Precompiled.cpp">
      <Filter>Source\D3D11\FW1FontWrapper</Filter>
    </ClCompile>
  </ItemGroup>
  <ItemGroup>
    <ClInclude Include="src\Includes.h">
      <Filter>Header</Filter>
    </ClInclude>
    <ClInclude Include="src\Memory\GameMemory.h">
      <Filter>Header\Memory</Filter>
    </ClInclude>
    <ClInclude Include="src\Memory\Memory.h">
      <Filter>Header\Memory</Filter>
    </ClInclude>
    <ClInclude Include="src\VIngameConsole.h">
      <Filter>Header</Filter>
    </ClInclude>
  </ItemGroup>
</Project>